
Microsoft Visual Studio Solution File, Format Version 12.00
# Visual Studio Version 17
VisualStudioVersion = 17.9.34728.123
MinimumVisualStudioVersion = 10.0.40219.1
Project("{FAE04EC0-301F-11D3-BF4B-00C04F79EFBC}") = "KolokwiumSurlas.API", "KolokwiumSurlas.API.csproj", "{BE46D23C-8240-4DC9-AFB6-0776350A4A5B}"
EndProject
Global
	GlobalSection(SolutionConfigurationPlatforms) = preSolution
		Debug|Any CPU = Debug|Any CPU
		Release|Any CPU = Release|Any CPU
	EndGlobalSection
	GlobalSection(ProjectConfigurationPlatforms) = postSolution
		{BE46D23C-8240-4DC9-AFB6-0776350A4A5B}.Debug|Any CPU.ActiveCfg = Debug|Any CPU
		{BE46D23C-8240-4DC9-AFB6-0776350A4A5B}.Debug|Any CPU.Build.0 = Debug|Any CPU
		{BE46D23C-8240-4DC9-AFB6-0776350A4A5B}.Release|Any CPU.ActiveCfg = Release|Any CPU
		{BE46D23C-8240-4DC9-AFB6-0776350A4A5B}.Release|Any CPU.Build.0 = Release|Any CPU
	EndGlobalSection
	GlobalSection(SolutionProperties) = preSolution
		HideSolutionNode = FALSE
	EndGlobalSection
	GlobalSection(ExtensibilityGlobals) = postSolution
		SolutionGuid = {1FF1824B-E650-4987-81EB-7B87B9F9785B}
	EndGlobalSection
EndGlobal
